
Microsoft Visual Studio Solution File, Format Version 12.00
# Visual Studio Version 17
VisualStudioVersion = 17.2.32630.192
MinimumVisualStudioVersion = 10.0.40219.1
Project("{FAE04EC0-301F-11D3-BF4B-00C04F79EFBC}") = "EncapsulationExercise", "EncapsulationExercise\EncapsulationExercise.csproj", "{2523A2B4-900B-43E8-9F52-570EE861187C}"
EndProject
Global
	GlobalSection(SolutionConfigurationPlatforms) = preSolution
		Debug|Any CPU = Debug|Any CPU
		Release|Any CPU = Release|Any CPU
	EndGlobalSection
	GlobalSection(ProjectConfigurationPlatforms) = postSolution
		{2523A2B4-900B-43E8-9F52-570EE861187C}.Debug|Any CPU.ActiveCfg = Debug|Any CPU
		{2523A2B4-900B-43E8-9F52-570EE861187C}.Debug|Any CPU.Build.0 = Debug|Any CPU
		{2523A2B4-900B-43E8-9F52-570EE861187C}.Release|Any CPU.ActiveCfg = Release|Any CPU
		{2523A2B4-900B-43E8-9F52-570EE861187C}.Release|Any CPU.Build.0 = Release|Any CPU
	EndGlobalSection
	GlobalSection(SolutionProperties) = preSolution
		HideSolutionNode = FALSE
	EndGlobalSection
	GlobalSection(ExtensibilityGlobals) = postSolution
		SolutionGuid = {BFC57A02-4E89-4735-A204-3D7FFB9DBFBF}
	EndGlobalSection
EndGlobal
